# This file is automatically @generated by Poetry and should not be changed by hand.

[[package]]
name = "autopep8"
version = "2.0.2"
description = "A tool that automatically formats Python code to conform to the PEP 8 style guide"
category = "dev"
optional = false
python-versions = ">=3.6"
files = [
    {file = "autopep8-2.0.2-py2.py3-none-any.whl", hash = "sha256:86e9303b5e5c8160872b2f5ef611161b2893e9bfe8ccc7e2f76385947d57a2f1"},
    {file = "autopep8-2.0.2.tar.gz", hash = "sha256:f9849cdd62108cb739dbcdbfb7fdcc9a30d1b63c4cc3e1c1f893b5360941b61c"},
]

[package.dependencies]
pycodestyle = ">=2.10.0"

[[package]]
name = "pycairo"
version = "1.23.0"
description = "Python interface for cairo"
category = "main"
optional = false
python-versions = ">=3.7"
files = [
    {file = "pycairo-1.23.0-cp310-cp310-win32.whl", hash = "sha256:564601e5f528531c6caec1c0177c3d0709081e1a2a5cccc13561f715080ae535"},
    {file = "pycairo-1.23.0-cp310-cp310-win_amd64.whl", hash = "sha256:e7cde633986435d87a86b6118b7b6109c384266fd719ef959883e2729f6eafae"},
    {file = "pycairo-1.23.0-cp311-cp311-win32.whl", hash = "sha256:3a71f758e461180d241e62ef52e85499c843bd2660fd6d87cec99c9833792bfa"},
    {file = "pycairo-1.23.0-cp311-cp311-win_amd64.whl", hash = "sha256:2dec5378133778961993fb59d66df16070e03f4d491b67eb695ca9ad7a696008"},
    {file = "pycairo-1.23.0-cp37-cp37m-win32.whl", hash = "sha256:d6bacff15d688ed135b4567965a4b664d9fb8de7417a7865bb138ad612043c9f"},
    {file = "pycairo-1.23.0-cp37-cp37m-win_amd64.whl", hash = "sha256:ec305fc7f2f0299df78aadec0eaf6eb9accb90eda242b5d3492544d3f2b28027"},
    {file = "pycairo-1.23.0-cp38-cp38-win32.whl", hash = "sha256:1a6d8e0f353062ad92954784e33dbbaf66c880c9c30e947996c542ed9748aaaf"},
    {file = "pycairo-1.23.0-cp38-cp38-win_amd64.whl", hash = "sha256:82e335774a17870bc038e0c2fb106c1e5e7ad0c764662023886dfcfce5bb5a52"},
    {file = "pycairo-1.23.0-cp39-cp39-win32.whl", hash = "sha256:a4b1f525bbdf637c40f4d91378de36c01ec2b7f8ecc585b700a079b9ff83298e"},
    {file = "pycairo-1.23.0-cp39-cp39-win_amd64.whl", hash = "sha256:87efd62a7b7afad9a0a420f05b6008742a6cfc59077697be65afe8dc73ae15ad"},
    {file = "pycairo-1.23.0.tar.gz", hash = "sha256:9b61ac818723adc04367301317eb2e814a83522f07bbd1f409af0dada463c44c"},
]

[[package]]
name = "pycodestyle"
version = "2.10.0"
description = "Python style guide checker"
category = "dev"
optional = false
python-versions = ">=3.6"
files = [
    {file = "pycodestyle-2.10.0-py2.py3-none-any.whl", hash = "sha256:8a4eaf0d0495c7395bdab3589ac2db602797d76207242c17d470186815706610"},
    {file = "pycodestyle-2.10.0.tar.gz", hash = "sha256:347187bdb476329d98f695c213d7295a846d1152ff4fe9bacb8a9590b8ee7053"},
]

[[package]]
name = "pygobject"
version = "3.44.1"
description = "Python bindings for GObject Introspection"
category = "main"
optional = false
python-versions = ">=3.7, <4"
files = [
    {file = "PyGObject-3.44.1.tar.gz", hash = "sha256:665fbe980c91e8b31ad78ed3f66879946948200864002d193f67eccc1d7d5d83"},
]

[package.dependencies]
pycairo = ">=1.16,<2.0"

[metadata]
lock-version = "2.0"
python-versions = "^3.11"
content-hash = "6786ab6dfe0c83052bfa3beb93221a0bc17d26aa6ef606542fd478ae2b2dd496"
